// !$*UTF8*$!
{
	archiveVersion = 1;
	classes = {
	};
	objectVersion = 46;
	objects = {

/* Begin PBXBuildFile section */
		3710555B1F6E933100FB6F50 /* ColorCollectionViewController.swift in Sources */ = {isa = PBXBuildFile; fileRef = 3710555A1F6E933100FB6F50 /* ColorCollectionViewController.swift */; };
		3710555D1F6E9E1A00FB6F50 /* ColorCollectionViewCell.swift in Sources */ = {isa = PBXBuildFile; fileRef = 3710555C1F6E9E1A00FB6F50 /* ColorCollectionViewCell.swift */; };
		3713D2261CE6675F006C4261 /* ChoiceDetailViewController.swift in Sources */ = {isa = PBXBuildFile; fileRef = 3713D2251CE6675F006C4261 /* ChoiceDetailViewController.swift */; };
		3713D2281CE66A8F006C4261 /* ChooseViewController.swift in Sources */ = {isa = PBXBuildFile; fileRef = 3713D2271CE66A8F006C4261 /* ChooseViewController.swift */; };
		3713D22A1CE675E9006C4261 /* ChoiceResultsViewController.swift in Sources */ = {isa = PBXBuildFile; fileRef = 3713D2291CE675E9006C4261 /* ChoiceResultsViewController.swift */; };
		3717DD581FCB5EAD001E4359 /* information_es.html in Resources */ = {isa = PBXBuildFile; fileRef = 3717DD571FCB5EAD001E4359 /* information_es.html */; };
		37399A171FE87A090080CB91 /* ReResolverUITests.swift in Sources */ = {isa = PBXBuildFile; fileRef = 37399A161FE87A090080CB91 /* ReResolverUITests.swift */; };
		376A88351CE62D6A008C7659 /* AppDelegate.swift in Sources */ = {isa = PBXBuildFile; fileRef = 376A88341CE62D6A008C7659 /* AppDelegate.swift */; };
		376A88371CE62D6A008C7659 /* ResolverMenuViewController.swift in Sources */ = {isa = PBXBuildFile; fileRef = 376A88361CE62D6A008C7659 /* ResolverMenuViewController.swift */; };
		376A883A1CE62D6A008C7659 /* Main.storyboard in Resources */ = {isa = PBXBuildFile; fileRef = 376A88381CE62D6A008C7659 /* Main.storyboard */; };
		376A883C1CE62D6A008C7659 /* Assets.xcassets in Resources */ = {isa = PBXBuildFile; fileRef = 376A883B1CE62D6A008C7659 /* Assets.xcassets */; };
		376A883F1CE62D6A008C7659 /* LaunchScreen.storyboard in Resources */ = {isa = PBXBuildFile; fileRef = 376A883D1CE62D6A008C7659 /* LaunchScreen.storyboard */; };
		376A88491CE638A2008C7659 /* ResolverGradientView.swift in Sources */ = {isa = PBXBuildFile; fileRef = 376A88481CE638A2008C7659 /* ResolverGradientView.swift */; };
		377010F51FE87F7300316199 /* ResolverConstants.swift in Sources */ = {isa = PBXBuildFile; fileRef = 37C8A09B1CE8B8D400AE3B1F /* ResolverConstants.swift */; };
		377010F61FE87F8900316199 /* ChoiceList.swift in Sources */ = {isa = PBXBuildFile; fileRef = 37C8A0991CE8B7A100AE3B1F /* ChoiceList.swift */; };
		377508F61FF03EC800294764 /* information.css in Resources */ = {isa = PBXBuildFile; fileRef = 377508F51FF03EC800294764 /* information.css */; };
		377869861FCA4CD700EA9DFC /* information_en.html in Resources */ = {isa = PBXBuildFile; fileRef = 377869851FCA4CD700EA9DFC /* information_en.html */; };
		37C8A09A1CE8B7A100AE3B1F /* ChoiceList.swift in Sources */ = {isa = PBXBuildFile; fileRef = 37C8A0991CE8B7A100AE3B1F /* ChoiceList.swift */; };
		37C8A09C1CE8B8D400AE3B1F /* ResolverConstants.swift in Sources */ = {isa = PBXBuildFile; fileRef = 37C8A09B1CE8B8D400AE3B1F /* ResolverConstants.swift */; };
		37C8A09E1CE8DC0000AE3B1F /* RecentTableViewController.swift in Sources */ = {isa = PBXBuildFile; fileRef = 37C8A09D1CE8DC0000AE3B1F /* RecentTableViewController.swift */; };
		37C8A0A01CE9293F00AE3B1F /* InstructionsViewController.swift in Sources */ = {isa = PBXBuildFile; fileRef = 37C8A09F1CE9293F00AE3B1F /* InstructionsViewController.swift */; };
		37C923A01DEBA94B00D09F64 /* Localizable.strings in Resources */ = {isa = PBXBuildFile; fileRef = 37C9239E1DEBA94B00D09F64 /* Localizable.strings */; };
/* End PBXBuildFile section */

/* Begin PBXContainerItemProxy section */
		37399A191FE87A090080CB91 /* PBXContainerItemProxy */ = {
			isa = PBXContainerItemProxy;
			containerPortal = 376A88291CE62D69008C7659 /* Project object */;
			proxyType = 1;
			remoteGlobalIDString = 376A88301CE62D69008C7659;
			remoteInfo = ReResolver;
		};
/* End PBXContainerItemProxy section */

/* Begin PBXFileReference section */
		3710555A1F6E933100FB6F50 /* ColorCollectionViewController.swift */ = {isa = PBXFileReference; lastKnownFileType = sourcecode.swift; path = ColorCollectionViewController.swift; sourceTree = "<group>"; };
		3710555C1F6E9E1A00FB6F50 /* ColorCollectionViewCell.swift */ = {isa = PBXFileReference; lastKnownFileType = sourcecode.swift; path = ColorCollectionViewCell.swift; sourceTree = "<group>"; };
		3713D2251CE6675F006C4261 /* ChoiceDetailViewController.swift */ = {isa = PBXFileReference; fileEncoding = 4; lastKnownFileType = sourcecode.swift; path = ChoiceDetailViewController.swift; sourceTree = "<group>"; };
		3713D2271CE66A8F006C4261 /* ChooseViewController.swift */ = {isa = PBXFileReference; fileEncoding = 4; lastKnownFileType = sourcecode.swift; path = ChooseViewController.swift; sourceTree = "<group>"; };
		3713D2291CE675E9006C4261 /* ChoiceResultsViewController.swift */ = {isa = PBXFileReference; fileEncoding = 4; lastKnownFileType = sourcecode.swift; path = ChoiceResultsViewController.swift; sourceTree = "<group>"; };
		3717DD571FCB5EAD001E4359 /* information_es.html */ = {isa = PBXFileReference; lastKnownFileType = text.html; path = information_es.html; sourceTree = "<group>"; };
		37399A141FE87A090080CB91 /* ReResolverUITests.xctest */ = {isa = PBXFileReference; explicitFileType = wrapper.cfbundle; includeInIndex = 0; path = ReResolverUITests.xctest; sourceTree = BUILT_PRODUCTS_DIR; };
		37399A161FE87A090080CB91 /* ReResolverUITests.swift */ = {isa = PBXFileReference; lastKnownFileType = sourcecode.swift; path = ReResolverUITests.swift; sourceTree = "<group>"; };
		37399A181FE87A090080CB91 /* Info.plist */ = {isa = PBXFileReference; lastKnownFileType = text.plist.xml; path = Info.plist; sourceTree = "<group>"; };
		37399A1F1FE87C140080CB91 /* Foundation.framework */ = {isa = PBXFileReference; lastKnownFileType = wrapper.framework; name = Foundation.framework; path = System/Library/Frameworks/Foundation.framework; sourceTree = SDKROOT; };
		37399A211FE87C760080CB91 /* CoreFoundation.framework */ = {isa = PBXFileReference; lastKnownFileType = wrapper.framework; name = CoreFoundation.framework; path = System/Library/Frameworks/CoreFoundation.framework; sourceTree = SDKROOT; };
		376A88311CE62D69008C7659 /* ReResolver.app */ = {isa = PBXFileReference; explicitFileType = wrapper.application; includeInIndex = 0; path = ReResolver.app; sourceTree = BUILT_PRODUCTS_DIR; };
		376A88341CE62D6A008C7659 /* AppDelegate.swift */ = {isa = PBXFileReference; lastKnownFileType = sourcecode.swift; path = AppDelegate.swift; sourceTree = "<group>"; };
		376A88361CE62D6A008C7659 /* ResolverMenuViewController.swift */ = {isa = PBXFileReference; lastKnownFileType = sourcecode.swift; path = ResolverMenuViewController.swift; sourceTree = "<group>"; };
		376A88391CE62D6A008C7659 /* Base */ = {isa = PBXFileReference; lastKnownFileType = file.storyboard; name = Base; path = Base.lproj/Main.storyboard; sourceTree = "<group>"; };
		376A883B1CE62D6A008C7659 /* Assets.xcassets */ = {isa = PBXFileReference; lastKnownFileType = folder.assetcatalog; path = Assets.xcassets; sourceTree = "<group>"; };
		376A883E1CE62D6A008C7659 /* Base */ = {isa = PBXFileReference; lastKnownFileType = file.storyboard; name = Base; path = Base.lproj/LaunchScreen.storyboard; sourceTree = "<group>"; };
		376A88401CE62D6A008C7659 /* Info.plist */ = {isa = PBXFileReference; lastKnownFileType = text.plist.xml; path = Info.plist; sourceTree = "<group>"; };
		376A88481CE638A2008C7659 /* ResolverGradientView.swift */ = {isa = PBXFileReference; fileEncoding = 4; lastKnownFileType = sourcecode.swift; path = ResolverGradientView.swift; sourceTree = "<group>"; };
		377508F51FF03EC800294764 /* information.css */ = {isa = PBXFileReference; lastKnownFileType = text.css; path = information.css; sourceTree = "<group>"; };
		377869851FCA4CD700EA9DFC /* information_en.html */ = {isa = PBXFileReference; fileEncoding = 4; lastKnownFileType = text.html; path = information_en.html; sourceTree = "<group>"; };
		37C8A0991CE8B7A100AE3B1F /* ChoiceList.swift */ = {isa = PBXFileReference; fileEncoding = 4; lastKnownFileType = sourcecode.swift; path = ChoiceList.swift; sourceTree = "<group>"; };
		37C8A09B1CE8B8D400AE3B1F /* ResolverConstants.swift */ = {isa = PBXFileReference; fileEncoding = 4; lastKnownFileType = sourcecode.swift; path = ResolverConstants.swift; sourceTree = "<group>"; };
		37C8A09D1CE8DC0000AE3B1F /* RecentTableViewController.swift */ = {isa = PBXFileReference; fileEncoding = 4; lastKnownFileType = sourcecode.swift; path = RecentTableViewController.swift; sourceTree = "<group>"; };
		37C8A09F1CE9293F00AE3B1F /* InstructionsViewController.swift */ = {isa = PBXFileReference; fileEncoding = 4; lastKnownFileType = sourcecode.swift; path = InstructionsViewController.swift; sourceTree = "<group>"; };
		37C923921DEBA6DC00D09F64 /* es */ = {isa = PBXFileReference; lastKnownFileType = text.plist.strings; name = es; path = es.lproj/Main.strings; sourceTree = "<group>"; };
		37C9239F1DEBA94B00D09F64 /* es */ = {isa = PBXFileReference; fileEncoding = 4; lastKnownFileType = text.plist.strings; name = es; path = "Re-Resolver/es.lproj/Localizable.strings"; sourceTree = "<group>"; };
/* End PBXFileReference section */

/* Begin PBXFrameworksBuildPhase section */
		37399A111FE87A090080CB91 /* Frameworks */ = {
			isa = PBXFrameworksBuildPhase;
			buildActionMask = 2147483647;
			files = (
			);
			runOnlyForDeploymentPostprocessing = 0;
		};
		376A882E1CE62D69008C7659 /* Frameworks */ = {
			isa = PBXFrameworksBuildPhase;
			buildActionMask = 2147483647;
			files = (
			);
			runOnlyForDeploymentPostprocessing = 0;
		};
/* End PBXFrameworksBuildPhase section */

/* Begin PBXGroup section */
		3717DD591FCB62C1001E4359 /* about_page */ = {
			isa = PBXGroup;
			children = (
				3717DD571FCB5EAD001E4359 /* information_es.html */,
				377869851FCA4CD700EA9DFC /* information_en.html */,
				377508F51FF03EC800294764 /* information.css */,
			);
			path = about_page;
			sourceTree = "<group>";
		};
		37399A151FE87A090080CB91 /* ReResolverUITests */ = {
			isa = PBXGroup;
			children = (
				37399A161FE87A090080CB91 /* ReResolverUITests.swift */,
				37399A181FE87A090080CB91 /* Info.plist */,
			);
			path = ReResolverUITests;
			sourceTree = "<group>";
		};
		37399A1E1FE87C130080CB91 /* Frameworks */ = {
			isa = PBXGroup;
			children = (
				37399A211FE87C760080CB91 /* CoreFoundation.framework */,
				37399A1F1FE87C140080CB91 /* Foundation.framework */,
			);
			name = Frameworks;
			sourceTree = "<group>";
		};
		376A88281CE62D69008C7659 = {
			isa = PBXGroup;
			children = (
				37C9239E1DEBA94B00D09F64 /* Localizable.strings */,
				376A88331CE62D6A008C7659 /* Re-Resolver */,
				37399A151FE87A090080CB91 /* ReResolverUITests */,
				376A88321CE62D69008C7659 /* Products */,
				37399A1E1FE87C130080CB91 /* Frameworks */,
			);
			sourceTree = "<group>";
		};
		376A88321CE62D69008C7659 /* Products */ = {
			isa = PBXGroup;
			children = (
				376A88311CE62D69008C7659 /* ReResolver.app */,
				37399A141FE87A090080CB91 /* ReResolverUITests.xctest */,
			);
			name = Products;
			sourceTree = "<group>";
		};
		376A88331CE62D6A008C7659 /* Re-Resolver */ = {
			isa = PBXGroup;
			children = (
				3717DD591FCB62C1001E4359 /* about_page */,
				376A88341CE62D6A008C7659 /* AppDelegate.swift */,
				376A88361CE62D6A008C7659 /* ResolverMenuViewController.swift */,
				376A88381CE62D6A008C7659 /* Main.storyboard */,
				3710555A1F6E933100FB6F50 /* ColorCollectionViewController.swift */,
				3710555C1F6E9E1A00FB6F50 /* ColorCollectionViewCell.swift */,
				37C8A09F1CE9293F00AE3B1F /* InstructionsViewController.swift */,
				37C8A09D1CE8DC0000AE3B1F /* RecentTableViewController.swift */,
				3713D2271CE66A8F006C4261 /* ChooseViewController.swift */,
				3713D2251CE6675F006C4261 /* ChoiceDetailViewController.swift */,
				3713D2291CE675E9006C4261 /* ChoiceResultsViewController.swift */,
				37C8A0991CE8B7A100AE3B1F /* ChoiceList.swift */,
				37C8A09B1CE8B8D400AE3B1F /* ResolverConstants.swift */,
				376A88481CE638A2008C7659 /* ResolverGradientView.swift */,
				376A883B1CE62D6A008C7659 /* Assets.xcassets */,
				376A883D1CE62D6A008C7659 /* LaunchScreen.storyboard */,
				376A88401CE62D6A008C7659 /* Info.plist */,
			);
			path = "Re-Resolver";
			sourceTree = "<group>";
		};
/* End PBXGroup section */

/* Begin PBXNativeTarget section */
		37399A131FE87A090080CB91 /* ReResolverUITests */ = {
			isa = PBXNativeTarget;
			buildConfigurationList = 37399A1D1FE87A090080CB91 /* Build configuration list for PBXNativeTarget "ReResolverUITests" */;
			buildPhases = (
				37399A101FE87A090080CB91 /* Sources */,
				37399A111FE87A090080CB91 /* Frameworks */,
				37399A121FE87A090080CB91 /* Resources */,
			);
			buildRules = (
			);
			dependencies = (
				37399A1A1FE87A090080CB91 /* PBXTargetDependency */,
			);
			name = ReResolverUITests;
			productName = ReResolverUITests;
			productReference = 37399A141FE87A090080CB91 /* ReResolverUITests.xctest */;
			productType = "com.apple.product-type.bundle.ui-testing";
		};
		376A88301CE62D69008C7659 /* ReResolver */ = {
			isa = PBXNativeTarget;
			buildConfigurationList = 376A88431CE62D6A008C7659 /* Build configuration list for PBXNativeTarget "ReResolver" */;
			buildPhases = (
				376A882D1CE62D69008C7659 /* Sources */,
				376A882E1CE62D69008C7659 /* Frameworks */,
				376A882F1CE62D69008C7659 /* Resources */,
			);
			buildRules = (
			);
			dependencies = (
			);
			name = ReResolver;
			productName = ReResolver;
			productReference = 376A88311CE62D69008C7659 /* ReResolver.app */;
			productType = "com.apple.product-type.application";
		};
/* End PBXNativeTarget section */

/* Begin PBXProject section */
		376A88291CE62D69008C7659 /* Project object */ = {
			isa = PBXProject;
			attributes = {
				LastSwiftUpdateCheck = 0920;
				LastUpgradeCheck = 0930;
				ORGANIZATIONNAME = "Amanda and Keith";
				TargetAttributes = {
					37399A131FE87A090080CB91 = {
						CreatedOnToolsVersion = 9.2;
						ProvisioningStyle = Automatic;
						TestTargetID = 376A88301CE62D69008C7659;
					};
					376A88301CE62D69008C7659 = {
						CreatedOnToolsVersion = 7.3.1;
						LastSwiftMigration = 0900;
					};
				};
			};
			buildConfigurationList = 376A882C1CE62D69008C7659 /* Build configuration list for PBXProject "ReResolver" */;
			compatibilityVersion = "Xcode 3.2";
			developmentRegion = English;
			hasScannedForEncodings = 0;
			knownRegions = (
				en,
				Base,
				es,
			);
			mainGroup = 376A88281CE62D69008C7659;
			productRefGroup = 376A88321CE62D69008C7659 /* Products */;
			projectDirPath = "";
			projectRoot = "";
			targets = (
				376A88301CE62D69008C7659 /* ReResolver */,
				37399A131FE87A090080CB91 /* ReResolverUITests */,
			);
		};
/* End PBXProject section */

/* Begin PBXResourcesBuildPhase section */
		37399A121FE87A090080CB91 /* Resources */ = {
			isa = PBXResourcesBuildPhase;
			buildActionMask = 2147483647;
			files = (
			);
			runOnlyForDeploymentPostprocessing = 0;
		};
		376A882F1CE62D69008C7659 /* Resources */ = {
			isa = PBXResourcesBuildPhase;
			buildActionMask = 2147483647;
			files = (
				377869861FCA4CD700EA9DFC /* information_en.html in Resources */,
				377508F61FF03EC800294764 /* information.css in Resources */,
				3717DD581FCB5EAD001E4359 /* information_es.html in Resources */,
				376A883F1CE62D6A008C7659 /* LaunchScreen.storyboard in Resources */,
				37C923A01DEBA94B00D09F64 /* Localizable.strings in Resources */,
				376A883C1CE62D6A008C7659 /* Assets.xcassets in Resources */,
				376A883A1CE62D6A008C7659 /* Main.storyboard in Resources */,
			);
			runOnlyForDeploymentPostprocessing = 0;
		};
/* End PBXResourcesBuildPhase section */

/* Begin PBXSourcesBuildPhase section */
		37399A101FE87A090080CB91 /* Sources */ = {
			isa = PBXSourcesBuildPhase;
			buildActionMask = 2147483647;
			files = (
				37399A171FE87A090080CB91 /* ReResolverUITests.swift in Sources */,
				377010F51FE87F7300316199 /* ResolverConstants.swift in Sources */,
				377010F61FE87F8900316199 /* ChoiceList.swift in Sources */,
			);
			runOnlyForDeploymentPostprocessing = 0;
		};
		376A882D1CE62D69008C7659 /* Sources */ = {
			isa = PBXSourcesBuildPhase;
			buildActionMask = 2147483647;
			files = (
				3713D22A1CE675E9006C4261 /* ChoiceResultsViewController.swift in Sources */,
				3710555D1F6E9E1A00FB6F50 /* ColorCollectionViewCell.swift in Sources */,
				37C8A09C1CE8B8D400AE3B1F /* ResolverConstants.swift in Sources */,
				376A88491CE638A2008C7659 /* ResolverGradientView.swift in Sources */,
				37C8A09E1CE8DC0000AE3B1F /* RecentTableViewController.swift in Sources */,
				3710555B1F6E933100FB6F50 /* ColorCollectionViewController.swift in Sources */,
				37C8A0A01CE9293F00AE3B1F /* InstructionsViewController.swift in Sources */,
				376A88371CE62D6A008C7659 /* ResolverMenuViewController.swift in Sources */,
				3713D2281CE66A8F006C4261 /* ChooseViewController.swift in Sources */,
				3713D2261CE6675F006C4261 /* ChoiceDetailViewController.swift in Sources */,
				376A88351CE62D6A008C7659 /* AppDelegate.swift in Sources */,
				37C8A09A1CE8B7A100AE3B1F /* ChoiceList.swift in Sources */,
			);
			runOnlyForDeploymentPostprocessing = 0;
		};
/* End PBXSourcesBuildPhase section */

/* Begin PBXTargetDependency section */
		37399A1A1FE87A090080CB91 /* PBXTargetDependency */ = {
			isa = PBXTargetDependency;
			target = 376A88301CE62D69008C7659 /* ReResolver */;
			targetProxy = 37399A191FE87A090080CB91 /* PBXContainerItemProxy */;
		};
/* End PBXTargetDependency section */

/* Begin PBXVariantGroup section */
		376A88381CE62D6A008C7659 /* Main.storyboard */ = {
			isa = PBXVariantGroup;
			children = (
				376A88391CE62D6A008C7659 /* Base */,
				37C923921DEBA6DC00D09F64 /* es */,
			);
			name = Main.storyboard;
			sourceTree = "<group>";
		};
		376A883D1CE62D6A008C7659 /* LaunchScreen.storyboard */ = {
			isa = PBXVariantGroup;
			children = (
				376A883E1CE62D6A008C7659 /* Base */,
			);
			name = LaunchScreen.storyboard;
			sourceTree = "<group>";
		};
		37C9239E1DEBA94B00D09F64 /* Localizable.strings */ = {
			isa = PBXVariantGroup;
			children = (
				37C9239F1DEBA94B00D09F64 /* es */,
			);
			name = Localizable.strings;
			sourceTree = "<group>";
		};
/* End PBXVariantGroup section */

/* Begin XCBuildConfiguration section */
		37399A1B1FE87A090080CB91 /* Debug */ = {
			isa = XCBuildConfiguration;
			buildSettings = {
				CLANG_ANALYZER_NUMBER_OBJECT_CONVERSION = YES_AGGRESSIVE;
				CLANG_CXX_LANGUAGE_STANDARD = "gnu++14";
				CLANG_WARN_DOCUMENTATION_COMMENTS = YES;
				CLANG_WARN_UNGUARDED_AVAILABILITY = YES_AGGRESSIVE;
				CODE_SIGN_IDENTITY = "iPhone Developer";
				CODE_SIGN_STYLE = Automatic;
				GCC_C_LANGUAGE_STANDARD = gnu11;
				INFOPLIST_FILE = ReResolverUITests/Info.plist;
				IPHONEOS_DEPLOYMENT_TARGET = 9.3;
				LD_RUNPATH_SEARCH_PATHS = "$(inherited) @executable_path/Frameworks @loader_path/Frameworks";
				PRODUCT_BUNDLE_IDENTIFIER = com.superclassconsulting.ReResolverUITests;
				PRODUCT_NAME = "$(TARGET_NAME)";
				SWIFT_ACTIVE_COMPILATION_CONDITIONS = DEBUG;
				SWIFT_VERSION = 4.0;
				TARGETED_DEVICE_FAMILY = 1;
				TEST_TARGET_NAME = ReResolver;
			};
			name = Debug;
		};
		37399A1C1FE87A090080CB91 /* Release */ = {
			isa = XCBuildConfiguration;
			buildSettings = {
				CLANG_ANALYZER_NUMBER_OBJECT_CONVERSION = YES_AGGRESSIVE;
				CLANG_CXX_LANGUAGE_STANDARD = "gnu++14";
				CLANG_WARN_DOCUMENTATION_COMMENTS = YES;
				CLANG_WARN_UNGUARDED_AVAILABILITY = YES_AGGRESSIVE;
				CODE_SIGN_IDENTITY = "iPhone Developer";
				CODE_SIGN_STYLE = Automatic;
				GCC_C_LANGUAGE_STANDARD = gnu11;
				INFOPLIST_FILE = ReResolverUITests/Info.plist;
				IPHONEOS_DEPLOYMENT_TARGET = 9.3;
				LD_RUNPATH_SEARCH_PATHS = "$(inherited) @executable_path/Frameworks @loader_path/Frameworks";
				PRODUCT_BUNDLE_IDENTIFIER = com.superclassconsulting.ReResolverUITests;
				PRODUCT_NAME = "$(TARGET_NAME)";
				SWIFT_VERSION = 4.0;
				TARGETED_DEVICE_FAMILY = 1;
				TEST_TARGET_NAME = ReResolver;
			};
			name = Release;
		};
		376A88411CE62D6A008C7659 /* Debug */ = {
			isa = XCBuildConfiguration;
			buildSettings = {
				ALWAYS_SEARCH_USER_PATHS = NO;
				CLANG_ANALYZER_LOCALIZABILITY_NONLOCALIZED = YES;
				CLANG_ANALYZER_NONNULL = YES;
				CLANG_CXX_LANGUAGE_STANDARD = "gnu++0x";
				CLANG_CXX_LIBRARY = "libc++";
				CLANG_ENABLE_MODULES = YES;
				CLANG_ENABLE_OBJC_ARC = YES;
				CLANG_WARN_BLOCK_CAPTURE_AUTORELEASING = YES;
				CLANG_WARN_BOOL_CONVERSION = YES;
				CLANG_WARN_COMMA = YES;
				CLANG_WARN_CONSTANT_CONVERSION = YES;
				CLANG_WARN_DEPRECATED_OBJC_IMPLEMENTATIONS = YES;
				CLANG_WARN_DIRECT_OBJC_ISA_USAGE = YES_ERROR;
				CLANG_WARN_EMPTY_BODY = YES;
				CLANG_WARN_ENUM_CONVERSION = YES;
				CLANG_WARN_INFINITE_RECURSION = YES;
				CLANG_WARN_INT_CONVERSION = YES;
				CLANG_WARN_NON_LITERAL_NULL_CONVERSION = YES;
				CLANG_WARN_OBJC_IMPLICIT_RETAIN_SELF = YES;
				CLANG_WARN_OBJC_LITERAL_CONVERSION = YES;
				CLANG_WARN_OBJC_ROOT_CLASS = YES_ERROR;
				CLANG_WARN_RANGE_LOOP_ANALYSIS = YES;
				CLANG_WARN_STRICT_PROTOTYPES = YES;
				CLANG_WARN_SUSPICIOUS_MOVE = YES;
				CLANG_WARN_UNREACHABLE_CODE = YES;
				CLANG_WARN__DUPLICATE_METHOD_MATCH = YES;
				"CODE_SIGN_IDENTITY[sdk=iphoneos*]" = "iPhone Developer";
				COPY_PHASE_STRIP = NO;
				DEBUG_INFORMATION_FORMAT = dwarf;
				ENABLE_STRICT_OBJC_MSGSEND = YES;
				ENABLE_TESTABILITY = YES;
				GCC_C_LANGUAGE_STANDARD = gnu99;
				GCC_DYNAMIC_NO_PIC = NO;
				GCC_NO_COMMON_BLOCKS = YES;
				GCC_OPTIMIZATION_LEVEL = 0;
				GCC_PREPROCESSOR_DEFINITIONS = (
					"DEBUG=1",
					"$(inherited)",
				);
				GCC_WARN_64_TO_32_BIT_CONVERSION = YES;
				GCC_WARN_ABOUT_RETURN_TYPE = YES_ERROR;
				GCC_WARN_UNDECLARED_SELECTOR = YES;
				GCC_WARN_UNINITIALIZED_AUTOS = YES_AGGRESSIVE;
				GCC_WARN_UNUSED_FUNCTION = YES;
				GCC_WARN_UNUSED_VARIABLE = YES;
				IPHONEOS_DEPLOYMENT_TARGET = 9.3;
				MTL_ENABLE_DEBUG_INFO = YES;
				ONLY_ACTIVE_ARCH = YES;
				SDKROOT = iphoneos;
				SWIFT_OPTIMIZATION_LEVEL = "-Onone";
			};
			name = Debug;
		};
		376A88421CE62D6A008C7659 /* Release */ = {
			isa = XCBuildConfiguration;
			buildSettings = {
				ALWAYS_SEARCH_USER_PATHS = NO;
				CLANG_ANALYZER_LOCALIZABILITY_NONLOCALIZED = YES;
				CLANG_ANALYZER_NONNULL = YES;
				CLANG_CXX_LANGUAGE_STANDARD = "gnu++0x";
				CLANG_CXX_LIBRARY = "libc++";
				CLANG_ENABLE_MODULES = YES;
				CLANG_ENABLE_OBJC_ARC = YES;
				CLANG_WARN_BLOCK_CAPTURE_AUTORELEASING = YES;
				CLANG_WARN_BOOL_CONVERSION = YES;
				CLANG_WARN_COMMA = YES;
				CLANG_WARN_CONSTANT_CONVERSION = YES;
				CLANG_WARN_DEPRECATED_OBJC_IMPLEMENTATIONS = YES;
				CLANG_WARN_DIRECT_OBJC_ISA_USAGE = YES_ERROR;
				CLANG_WARN_EMPTY_BODY = YES;
				CLANG_WARN_ENUM_CONVERSION = YES;
				CLANG_WARN_INFINITE_RECURSION = YES;
				CLANG_WARN_INT_CONVERSION = YES;
				CLANG_WARN_NON_LITERAL_NULL_CONVERSION = YES;
				CLANG_WARN_OBJC_IMPLICIT_RETAIN_SELF = YES;
				CLANG_WARN_OBJC_LITERAL_CONVERSION = YES;
				CLANG_WARN_OBJC_ROOT_CLASS = YES_ERROR;
				CLANG_WARN_RANGE_LOOP_ANALYSIS = YES;
				CLANG_WARN_STRICT_PROTOTYPES = YES;
				CLANG_WARN_SUSPICIOUS_MOVE = YES;
				CLANG_WARN_UNREACHABLE_CODE = YES;
				CLANG_WARN__DUPLICATE_METHOD_MATCH = YES;
				"CODE_SIGN_IDENTITY[sdk=iphoneos*]" = "iPhone Developer";
				COPY_PHASE_STRIP = NO;
				DEBUG_INFORMATION_FORMAT = "dwarf-with-dsym";
				ENABLE_NS_ASSERTIONS = NO;
				ENABLE_STRICT_OBJC_MSGSEND = YES;
				GCC_C_LANGUAGE_STANDARD = gnu99;
				GCC_NO_COMMON_BLOCKS = YES;
				GCC_WARN_64_TO_32_BIT_CONVERSION = YES;
				GCC_WARN_ABOUT_RETURN_TYPE = YES_ERROR;
				GCC_WARN_UNDECLARED_SELECTOR = YES;
				GCC_WARN_UNINITIALIZED_AUTOS = YES_AGGRESSIVE;
				GCC_WARN_UNUSED_FUNCTION = YES;
				GCC_WARN_UNUSED_VARIABLE = YES;
				IPHONEOS_DEPLOYMENT_TARGET = 9.3;
				MTL_ENABLE_DEBUG_INFO = NO;
				SDKROOT = iphoneos;
				SWIFT_OPTIMIZATION_LEVEL = "-Owholemodule";
				VALIDATE_PRODUCT = YES;
			};
			name = Release;
		};
		376A88441CE62D6A008C7659 /* Debug */ = {
			isa = XCBuildConfiguration;
			buildSettings = {
				ASSETCATALOG_COMPILER_APPICON_NAME = AppIcon;
				INFOPLIST_FILE = "Re-Resolver/Info.plist";
				LD_RUNPATH_SEARCH_PATHS = "$(inherited) @executable_path/Frameworks";
				PRODUCT_BUNDLE_IDENTIFIER = com.superclassconsulting.ReResolver;
				PRODUCT_NAME = "$(TARGET_NAME)";
				SWIFT_SWIFT3_OBJC_INFERENCE = Default;
				SWIFT_VERSION = 4.0;
			};
			name = Debug;
		};
		376A88451CE62D6A008C7659 /* Release */ = {
			isa = XCBuildConfiguration;
			buildSettings = {
				ASSETCATALOG_COMPILER_APPICON_NAME = AppIcon;
				INFOPLIST_FILE = "Re-Resolver/Info.plist";
				LD_RUNPATH_SEARCH_PATHS = "$(inherited) @executable_path/Frameworks";
				PRODUCT_BUNDLE_IDENTIFIER = com.superclassconsulting.ReResolver;
				PRODUCT_NAME = "$(TARGET_NAME)";
				SWIFT_SWIFT3_OBJC_INFERENCE = Default;
				SWIFT_VERSION = 4.0;
			};
			name = Release;
		};
/* End XCBuildConfiguration section */

/* Begin XCConfigurationList section */
		37399A1D1FE87A090080CB91 /* Build configuration list for PBXNativeTarget "ReResolverUITests" */ = {
			isa = XCConfigurationList;
			buildConfigurations = (
				37399A1B1FE87A090080CB91 /* Debug */,
				37399A1C1FE87A090080CB91 /* Release */,
			);
			defaultConfigurationIsVisible = 0;
			defaultConfigurationName = Release;
		};
		376A882C1CE62D69008C7659 /* Build configuration list for PBXProject "ReResolver" */ = {
			isa = XCConfigurationList;
			buildConfigurations = (
				376A88411CE62D6A008C7659 /* Debug */,
				376A88421CE62D6A008C7659 /* Release */,
			);
			defaultConfigurationIsVisible = 0;
			defaultConfigurationName = Release;
		};
		376A88431CE62D6A008C7659 /* Build configuration list for PBXNativeTarget "ReResolver" */ = {
			isa = XCConfigurationList;
			buildConfigurations = (
				376A88441CE62D6A008C7659 /* Debug */,
				376A88451CE62D6A008C7659 /* Release */,
			);
			defaultConfigurationIsVisible = 0;
			defaultConfigurationName = Release;
		};
/* End XCConfigurationList section */
	};
	rootObject = 376A88291CE62D69008C7659 /* Project object */;
}
